
Microsoft Visual Studio Solution File, Format Version 12.00
# Visual Studio Version 16
VisualStudioVersion = 16.0.31624.102
MinimumVisualStudioVersion = 10.0.40219.1
Project("{2150E333-8FDC-42A3-9474-1A3956D46DE8}") = "Services", "Services", "{65010991-90CE-434E-A6F7-543FB123DA6B}"
EndProject
Project("{2150E333-8FDC-42A3-9474-1A3956D46DE8}") = "Catalog", "Catalog", "{9CBE39E8-5A1F-4532-8A0C-3CB0C6544392}"
EndProject
Project("{9A19103F-16F7-4668-BE54-9A1E7A4F7556}") = "Catalog.API", "Services\Catalog\Catalog.API\Catalog.API.csproj", "{CF3F721C-EF57-4CF4-8C57-71ACE1B351D6}"
EndProject
Project("{E53339B2-1760-4266-BCC7-CA923CBCF16C}") = "docker-compose", "docker-compose.dcproj", "{AD8C0610-3244-4071-BBD0-A249F1E02684}"
EndProject
Project("{2150E333-8FDC-42A3-9474-1A3956D46DE8}") = "Basket", "Basket", "{74B91066-110C-4A0D-99E1-13557195CB2A}"
EndProject
Project("{9A19103F-16F7-4668-BE54-9A1E7A4F7556}") = "Basket.API", "Services\Basket\Basket.API\Basket.API.csproj", "{DD0EAF49-9CF4-4E76-9719-D6224B253010}"
EndProject
Project("{2150E333-8FDC-42A3-9474-1A3956D46DE8}") = "Discount", "Discount", "{D35AE0AB-B9EB-4FA2-9929-5C5EE27AB6DB}"
EndProject
Project("{9A19103F-16F7-4668-BE54-9A1E7A4F7556}") = "Discount.API", "Services\Discount\Discount.API\Discount.API.csproj", "{72987AD8-4578-4237-9489-300D4756EA41}"
EndProject
Project("{9A19103F-16F7-4668-BE54-9A1E7A4F7556}") = "Discount.Grpc", "Services\Discount\Discount.Grpc\Discount.Grpc.csproj", "{2F64ADA1-4D7B-44B8-923D-E10A4C0193EF}"
EndProject
Project("{2150E333-8FDC-42A3-9474-1A3956D46DE8}") = "Ordering", "Ordering", "{40F1EAA2-114F-4490-BE19-A3679B74F163}"
EndProject
Project("{9A19103F-16F7-4668-BE54-9A1E7A4F7556}") = "Ordering.API", "Services\Ordering\Ordering.API\Ordering.API.csproj", "{8390F39C-6F7B-4ED4-8866-FFF141B58190}"
EndProject
Project("{9A19103F-16F7-4668-BE54-9A1E7A4F7556}") = "Ordering.Domain", "Services\Ordering\Ordering.Domain\Ordering.Domain.csproj", "{024A6BA0-94A3-4DDB-9251-B1AA1863FC88}"
EndProject
Project("{9A19103F-16F7-4668-BE54-9A1E7A4F7556}") = "Ordering.Application", "Services\Ordering\Ordering.Application\Ordering.Application.csproj", "{40214C8B-E7C3-41F8-AC07-4B2AE570F953}"
EndProject
Project("{9A19103F-16F7-4668-BE54-9A1E7A4F7556}") = "Ordering.Infrastructure", "Services\Ordering\Ordering.Infrastructure\Ordering.Infrastructure.csproj", "{7C5827CD-ACD7-4A73-AE78-0A633108459D}"
EndProject
Project("{2150E333-8FDC-42A3-9474-1A3956D46DE8}") = "BuildingBlocks", "BuildingBlocks", "{218B2C9F-B659-4D4D-B8AB-80F225B43176}"
EndProject
Project("{FAE04EC0-301F-11D3-BF4B-00C04F79EFBC}") = "EventBus.Messages", "BuildingBlocks\EventBus.Messages\EventBus.Messages.csproj", "{B8CC4B51-53FD-4E7A-9959-B0391DFF4AC2}"
EndProject
Global
	GlobalSection(SolutionConfigurationPlatforms) = preSolution
		Debug|Any CPU = Debug|Any CPU
		Release|Any CPU = Release|Any CPU
	EndGlobalSection
	GlobalSection(ProjectConfigurationPlatforms) = postSolution
		{CF3F721C-EF57-4CF4-8C57-71ACE1B351D6}.Debug|Any CPU.ActiveCfg = Debug|Any CPU
		{CF3F721C-EF57-4CF4-8C57-71ACE1B351D6}.Debug|Any CPU.Build.0 = Debug|Any CPU
		{CF3F721C-EF57-4CF4-8C57-71ACE1B351D6}.Release|Any CPU.ActiveCfg = Release|Any CPU
		{CF3F721C-EF57-4CF4-8C57-71ACE1B351D6}.Release|Any CPU.Build.0 = Release|Any CPU
		{AD8C0610-3244-4071-BBD0-A249F1E02684}.Debug|Any CPU.ActiveCfg = Debug|Any CPU
		{AD8C0610-3244-4071-BBD0-A249F1E02684}.Debug|Any CPU.Build.0 = Debug|Any CPU
		{AD8C0610-3244-4071-BBD0-A249F1E02684}.Release|Any CPU.ActiveCfg = Release|Any CPU
		{AD8C0610-3244-4071-BBD0-A249F1E02684}.Release|Any CPU.Build.0 = Release|Any CPU
		{DD0EAF49-9CF4-4E76-9719-D6224B253010}.Debug|Any CPU.ActiveCfg = Debug|Any CPU
		{DD0EAF49-9CF4-4E76-9719-D6224B253010}.Debug|Any CPU.Build.0 = Debug|Any CPU
		{DD0EAF49-9CF4-4E76-9719-D6224B253010}.Release|Any CPU.ActiveCfg = Release|Any CPU
		{DD0EAF49-9CF4-4E76-9719-D6224B253010}.Release|Any CPU.Build.0 = Release|Any CPU
		{72987AD8-4578-4237-9489-300D4756EA41}.Debug|Any CPU.ActiveCfg = Debug|Any CPU
		{72987AD8-4578-4237-9489-300D4756EA41}.Debug|Any CPU.Build.0 = Debug|Any CPU
		{72987AD8-4578-4237-9489-300D4756EA41}.Release|Any CPU.ActiveCfg = Release|Any CPU
		{72987AD8-4578-4237-9489-300D4756EA41}.Release|Any CPU.Build.0 = Release|Any CPU
		{2F64ADA1-4D7B-44B8-923D-E10A4C0193EF}.Debug|Any CPU.ActiveCfg = Debug|Any CPU
		{2F64ADA1-4D7B-44B8-923D-E10A4C0193EF}.Debug|Any CPU.Build.0 = Debug|Any CPU
		{2F64ADA1-4D7B-44B8-923D-E10A4C0193EF}.Release|Any CPU.ActiveCfg = Release|Any CPU
		{2F64ADA1-4D7B-44B8-923D-E10A4C0193EF}.Release|Any CPU.Build.0 = Release|Any CPU
		{8390F39C-6F7B-4ED4-8866-FFF141B58190}.Debug|Any CPU.ActiveCfg = Debug|Any CPU
		{8390F39C-6F7B-4ED4-8866-FFF141B58190}.Debug|Any CPU.Build.0 = Debug|Any CPU
		{8390F39C-6F7B-4ED4-8866-FFF141B58190}.Release|Any CPU.ActiveCfg = Release|Any CPU
		{8390F39C-6F7B-4ED4-8866-FFF141B58190}.Release|Any CPU.Build.0 = Release|Any CPU
		{024A6BA0-94A3-4DDB-9251-B1AA1863FC88}.Debug|Any CPU.ActiveCfg = Debug|Any CPU
		{024A6BA0-94A3-4DDB-9251-B1AA1863FC88}.Debug|Any CPU.Build.0 = Debug|Any CPU
		{024A6BA0-94A3-4DDB-9251-B1AA1863FC88}.Release|Any CPU.ActiveCfg = Release|Any CPU
		{024A6BA0-94A3-4DDB-9251-B1AA1863FC88}.Release|Any CPU.Build.0 = Release|Any CPU
		{40214C8B-E7C3-41F8-AC07-4B2AE570F953}.Debug|Any CPU.ActiveCfg = Debug|Any CPU
		{40214C8B-E7C3-41F8-AC07-4B2AE570F953}.Debug|Any CPU.Build.0 = Debug|Any CPU
		{40214C8B-E7C3-41F8-AC07-4B2AE570F953}.Release|Any CPU.ActiveCfg = Release|Any CPU
		{40214C8B-E7C3-41F8-AC07-4B2AE570F953}.Release|Any CPU.Build.0 = Release|Any CPU
		{7C5827CD-ACD7-4A73-AE78-0A633108459D}.Debug|Any CPU.ActiveCfg = Debug|Any CPU
		{7C5827CD-ACD7-4A73-AE78-0A633108459D}.Debug|Any CPU.Build.0 = Debug|Any CPU
		{7C5827CD-ACD7-4A73-AE78-0A633108459D}.Release|Any CPU.ActiveCfg = Release|Any CPU
		{7C5827CD-ACD7-4A73-AE78-0A633108459D}.Release|Any CPU.Build.0 = Release|Any CPU
		{B8CC4B51-53FD-4E7A-9959-B0391DFF4AC2}.Debug|Any CPU.ActiveCfg = Debug|Any CPU
		{B8CC4B51-53FD-4E7A-9959-B0391DFF4AC2}.Debug|Any CPU.Build.0 = Debug|Any CPU
		{B8CC4B51-53FD-4E7A-9959-B0391DFF4AC2}.Release|Any CPU.ActiveCfg = Release|Any CPU
		{B8CC4B51-53FD-4E7A-9959-B0391DFF4AC2}.Release|Any CPU.Build.0 = Release|Any CPU
	EndGlobalSection
	GlobalSection(SolutionProperties) = preSolution
		HideSolutionNode = FALSE
	EndGlobalSection
	GlobalSection(NestedProjects) = preSolution
		{9CBE39E8-5A1F-4532-8A0C-3CB0C6544392} = {65010991-90CE-434E-A6F7-543FB123DA6B}
		{CF3F721C-EF57-4CF4-8C57-71ACE1B351D6} = {9CBE39E8-5A1F-4532-8A0C-3CB0C6544392}
		{74B91066-110C-4A0D-99E1-13557195CB2A} = {65010991-90CE-434E-A6F7-543FB123DA6B}
		{DD0EAF49-9CF4-4E76-9719-D6224B253010} = {74B91066-110C-4A0D-99E1-13557195CB2A}
		{D35AE0AB-B9EB-4FA2-9929-5C5EE27AB6DB} = {65010991-90CE-434E-A6F7-543FB123DA6B}
		{72987AD8-4578-4237-9489-300D4756EA41} = {D35AE0AB-B9EB-4FA2-9929-5C5EE27AB6DB}
		{2F64ADA1-4D7B-44B8-923D-E10A4C0193EF} = {D35AE0AB-B9EB-4FA2-9929-5C5EE27AB6DB}
		{40F1EAA2-114F-4490-BE19-A3679B74F163} = {65010991-90CE-434E-A6F7-543FB123DA6B}
		{8390F39C-6F7B-4ED4-8866-FFF141B58190} = {40F1EAA2-114F-4490-BE19-A3679B74F163}
		{024A6BA0-94A3-4DDB-9251-B1AA1863FC88} = {40F1EAA2-114F-4490-BE19-A3679B74F163}
		{40214C8B-E7C3-41F8-AC07-4B2AE570F953} = {40F1EAA2-114F-4490-BE19-A3679B74F163}
		{7C5827CD-ACD7-4A73-AE78-0A633108459D} = {40F1EAA2-114F-4490-BE19-A3679B74F163}
		{B8CC4B51-53FD-4E7A-9959-B0391DFF4AC2} = {218B2C9F-B659-4D4D-B8AB-80F225B43176}
	EndGlobalSection
	GlobalSection(ExtensibilityGlobals) = postSolution
		SolutionGuid = {E0B9E43E-D676-4D45-A8E7-710DC57C7C7A}
	EndGlobalSection
EndGlobal
